
Microsoft Visual Studio Solution File, Format Version 12.00
# Visual Studio Version 16
VisualStudioVersion = 16.0.29411.108
MinimumVisualStudioVersion = 10.0.40219.1
Project("{8BC9CEB8-8B4A-11D0-8D11-00A0C91BC942}") = "D3D11Engine", "D3D11Engine\D3D11Engine.vcxproj", "{4F42CE68-EB4D-4355-9DCA-28F611D3845F}"
EndProject
Project("{2150E333-8FDC-42A3-9474-1A3956D46DE8}") = "Solution Items", "Solution Items", "{FE2DFEEE-7387-43FC-B054-E46B20227BB2}"
	ProjectSection(SolutionItems) = preProject
		.editorconfig = .editorconfig
	EndProjectSection
EndProject
Project("{8BC9CEB8-8B4A-11D0-8D11-00A0C91BC942}") = "Launcher", "Launcher\Launcher.vcxproj", "{BEFEFF75-393C-4C06-A9F0-5E5FDB0C0109}"
EndProject
Global
	GlobalSection(SolutionConfigurationPlatforms) = preSolution
		Launcher|Win32 = Launcher|Win32
		Release_AVX|Win32 = Release_AVX|Win32
		Release_G1_12f|Win32 = Release_G1_12f|Win32
		Release_G1_AVX|Win32 = Release_G1_AVX|Win32
		Release_G1|Win32 = Release_G1|Win32
		Release_NoOpt_G1|Win32 = Release_NoOpt_G1|Win32
		Release_NoOpt_Spacer|Win32 = Release_NoOpt_Spacer|Win32
		Release_NoOpt|Win32 = Release_NoOpt|Win32
		Release|Win32 = Release|Win32
		Spacer_NET|Win32 = Spacer_NET|Win32
	EndGlobalSection
	GlobalSection(ProjectConfigurationPlatforms) = postSolution
		{4F42CE68-EB4D-4355-9DCA-28F611D3845F}.Launcher|Win32.ActiveCfg = Release|Win32
		{4F42CE68-EB4D-4355-9DCA-28F611D3845F}.Launcher|Win32.Build.0 = Release|Win32
		{4F42CE68-EB4D-4355-9DCA-28F611D3845F}.Release_AVX|Win32.ActiveCfg = Release_AVX|Win32
		{4F42CE68-EB4D-4355-9DCA-28F611D3845F}.Release_AVX|Win32.Build.0 = Release_AVX|Win32
		{4F42CE68-EB4D-4355-9DCA-28F611D3845F}.Release_G1_12f|Win32.ActiveCfg = Release_G1_12f|Win32
		{4F42CE68-EB4D-4355-9DCA-28F611D3845F}.Release_G1_12f|Win32.Build.0 = Release_G1_12f|Win32
		{4F42CE68-EB4D-4355-9DCA-28F611D3845F}.Release_G1_AVX|Win32.ActiveCfg = Release_G1_AVX|Win32
		{4F42CE68-EB4D-4355-9DCA-28F611D3845F}.Release_G1_AVX|Win32.Build.0 = Release_G1_AVX|Win32
		{4F42CE68-EB4D-4355-9DCA-28F611D3845F}.Release_G1|Win32.ActiveCfg = Release_G1|Win32
		{4F42CE68-EB4D-4355-9DCA-28F611D3845F}.Release_G1|Win32.Build.0 = Release_G1|Win32
		{4F42CE68-EB4D-4355-9DCA-28F611D3845F}.Release_NoOpt_G1|Win32.ActiveCfg = Release_NoOpt_G1|Win32
		{4F42CE68-EB4D-4355-9DCA-28F611D3845F}.Release_NoOpt_G1|Win32.Build.0 = Release_NoOpt_G1|Win32
		{4F42CE68-EB4D-4355-9DCA-28F611D3845F}.Release_NoOpt_Spacer|Win32.ActiveCfg = Release_NoOpt_Spacer|Win32
		{4F42CE68-EB4D-4355-9DCA-28F611D3845F}.Release_NoOpt_Spacer|Win32.Build.0 = Release_NoOpt_Spacer|Win32
		{4F42CE68-EB4D-4355-9DCA-28F611D3845F}.Release_NoOpt|Win32.ActiveCfg = Release_NoOpt|Win32
		{4F42CE68-EB4D-4355-9DCA-28F611D3845F}.Release_NoOpt|Win32.Build.0 = Release_NoOpt|Win32
		{4F42CE68-EB4D-4355-9DCA-28F611D3845F}.Release|Win32.ActiveCfg = Release|Win32
		{4F42CE68-EB4D-4355-9DCA-28F611D3845F}.Release|Win32.Build.0 = Release|Win32
		{4F42CE68-EB4D-4355-9DCA-28F611D3845F}.Spacer_NET|Win32.ActiveCfg = Spacer_NET|Win32
		{4F42CE68-EB4D-4355-9DCA-28F611D3845F}.Spacer_NET|Win32.Build.0 = Spacer_NET|Win32
		{BEFEFF75-393C-4C06-A9F0-5E5FDB0C0109}.Launcher|Win32.ActiveCfg = Launcher|Win32
		{BEFEFF75-393C-4C06-A9F0-5E5FDB0C0109}.Release_AVX|Win32.ActiveCfg = Launcher|Win32
		{BEFEFF75-393C-4C06-A9F0-5E5FDB0C0109}.Release_AVX|Win32.Build.0 = Launcher|Win32
		{BEFEFF75-393C-4C06-A9F0-5E5FDB0C0109}.Release_G1_12f|Win32.ActiveCfg = Launcher|Win32
		{BEFEFF75-393C-4C06-A9F0-5E5FDB0C0109}.Release_G1_12f|Win32.Build.0 = Launcher|Win32
		{BEFEFF75-393C-4C06-A9F0-5E5FDB0C0109}.Release_G1_AVX|Win32.ActiveCfg = Launcher|Win32
		{BEFEFF75-393C-4C06-A9F0-5E5FDB0C0109}.Release_G1_AVX|Win32.Build.0 = Launcher|Win32
		{BEFEFF75-393C-4C06-A9F0-5E5FDB0C0109}.Release_G1|Win32.ActiveCfg = Launcher|Win32
		{BEFEFF75-393C-4C06-A9F0-5E5FDB0C0109}.Release_G1|Win32.Build.0 = Launcher|Win32
		{BEFEFF75-393C-4C06-A9F0-5E5FDB0C0109}.Release_NoOpt_G1|Win32.ActiveCfg = Launcher|Win32
		{BEFEFF75-393C-4C06-A9F0-5E5FDB0C0109}.Release_NoOpt_G1|Win32.Build.0 = Launcher|Win32
		{BEFEFF75-393C-4C06-A9F0-5E5FDB0C0109}.Release_NoOpt_Spacer|Win32.ActiveCfg = Launcher|Win32
		{BEFEFF75-393C-4C06-A9F0-5E5FDB0C0109}.Release_NoOpt_Spacer|Win32.Build.0 = Launcher|Win32
		{BEFEFF75-393C-4C06-A9F0-5E5FDB0C0109}.Release_NoOpt|Win32.ActiveCfg = Launcher|Win32
		{BEFEFF75-393C-4C06-A9F0-5E5FDB0C0109}.Release_NoOpt|Win32.Build.0 = Launcher|Win32
		{BEFEFF75-393C-4C06-A9F0-5E5FDB0C0109}.Release|Win32.ActiveCfg = Launcher|Win32
		{BEFEFF75-393C-4C06-A9F0-5E5FDB0C0109}.Release|Win32.Build.0 = Launcher|Win32
		{BEFEFF75-393C-4C06-A9F0-5E5FDB0C0109}.Spacer_NET|Win32.ActiveCfg = Launcher|Win32
	EndGlobalSection
	GlobalSection(SolutionProperties) = preSolution
		HideSolutionNode = FALSE
	EndGlobalSection
	GlobalSection(ExtensibilityGlobals) = postSolution
		SolutionGuid = {85937813-37EE-408F-803D-1EDF89699D52}
	EndGlobalSection
EndGlobal
